
Microsoft Visual Studio Solution File, Format Version 12.00
# Visual Studio 15
VisualStudioVersion = 15.0.26730.12
MinimumVisualStudioVersion = 10.0.40219.1
Project("{FAE04EC0-301F-11D3-BF4B-00C04F79EFBC}") = "Practica_2.Android", "Practica 2\Practica_2.Android\Practica_2.Android.csproj", "{3BEADA3D-BB8A-4944-A32D-53EE22ED50B9}"
EndProject
Project("{FAE04EC0-301F-11D3-BF4B-00C04F79EFBC}") = "Practica_2", "Practica 2\Practica_2\Practica_2.csproj", "{7413CF94-0A14-4DF9-AFBF-3E975D44FA9D}"
EndProject
Project("{FAE04EC0-301F-11D3-BF4B-00C04F79EFBC}") = "Practica_2.UWP", "Practica 2\Practica_2.UWP\Practica_2.UWP.csproj", "{8ED1078D-9D00-4E6B-88F1-7EB1226C4BD4}"
EndProject
Project("{FAE04EC0-301F-11D3-BF4B-00C04F79EFBC}") = "Practica_2.iOS", "Practica 2\Practica_2.iOS\Practica_2.iOS.csproj", "{1F2F471A-AAEA-4BED-89EC-AAEF84BDFE45}"
EndProject
Global
	GlobalSection(SolutionConfigurationPlatforms) = preSolution
		Ad-Hoc|Any CPU = Ad-Hoc|Any CPU
		Ad-Hoc|ARM = Ad-Hoc|ARM
		Ad-Hoc|iPhone = Ad-Hoc|iPhone
		Ad-Hoc|iPhoneSimulator = Ad-Hoc|iPhoneSimulator
		Ad-Hoc|x64 = Ad-Hoc|x64
		Ad-Hoc|x86 = Ad-Hoc|x86
		AppStore|Any CPU = AppStore|Any CPU
		AppStore|ARM = AppStore|ARM
		AppStore|iPhone = AppStore|iPhone
		AppStore|iPhoneSimulator = AppStore|iPhoneSimulator
		AppStore|x64 = AppStore|x64
		AppStore|x86 = AppStore|x86
		Debug|Any CPU = Debug|Any CPU
		Debug|ARM = Debug|ARM
		Debug|iPhone = Debug|iPhone
		Debug|iPhoneSimulator = Debug|iPhoneSimulator
		Debug|x64 = Debug|x64
		Debug|x86 = Debug|x86
		Release|Any CPU = Release|Any CPU
		Release|ARM = Release|ARM
		Release|iPhone = Release|iPhone
		Release|iPhoneSimulator = Release|iPhoneSimulator
		Release|x64 = Release|x64
		Release|x86 = Release|x86
	EndGlobalSection
	GlobalSection(ProjectConfigurationPlatforms) = postSolution
		{3BEADA3D-BB8A-4944-A32D-53EE22ED50B9}.Ad-Hoc|Any CPU.ActiveCfg = Release|Any CPU
		{3BEADA3D-BB8A-4944-A32D-53EE22ED50B9}.Ad-Hoc|Any CPU.Build.0 = Release|Any CPU
		{3BEADA3D-BB8A-4944-A32D-53EE22ED50B9}.Ad-Hoc|Any CPU.Deploy.0 = Release|Any CPU
		{3BEADA3D-BB8A-4944-A32D-53EE22ED50B9}.Ad-Hoc|ARM.ActiveCfg = Release|Any CPU
		{3BEADA3D-BB8A-4944-A32D-53EE22ED50B9}.Ad-Hoc|ARM.Build.0 = Release|Any CPU
		{3BEADA3D-BB8A-4944-A32D-53EE22ED50B9}.Ad-Hoc|ARM.Deploy.0 = Release|Any CPU
		{3BEADA3D-BB8A-4944-A32D-53EE22ED50B9}.Ad-Hoc|iPhone.ActiveCfg = Release|Any CPU
		{3BEADA3D-BB8A-4944-A32D-53EE22ED50B9}.Ad-Hoc|iPhone.Build.0 = Release|Any CPU
		{3BEADA3D-BB8A-4944-A32D-53EE22ED50B9}.Ad-Hoc|iPhone.Deploy.0 = Release|Any CPU
		{3BEADA3D-BB8A-4944-A32D-53EE22ED50B9}.Ad-Hoc|iPhoneSimulator.ActiveCfg = Release|Any CPU
		{3BEADA3D-BB8A-4944-A32D-53EE22ED50B9}.Ad-Hoc|iPhoneSimulator.Build.0 = Release|Any CPU
		{3BEADA3D-BB8A-4944-A32D-53EE22ED50B9}.Ad-Hoc|iPhoneSimulator.Deploy.0 = Release|Any CPU
		{3BEADA3D-BB8A-4944-A32D-53EE22ED50B9}.Ad-Hoc|x64.ActiveCfg = Release|Any CPU
		{3BEADA3D-BB8A-4944-A32D-53EE22ED50B9}.Ad-Hoc|x64.Build.0 = Release|Any CPU
		{3BEADA3D-BB8A-4944-A32D-53EE22ED50B9}.Ad-Hoc|x64.Deploy.0 = Release|Any CPU
		{3BEADA3D-BB8A-4944-A32D-53EE22ED50B9}.Ad-Hoc|x86.ActiveCfg = Release|Any CPU
		{3BEADA3D-BB8A-4944-A32D-53EE22ED50B9}.Ad-Hoc|x86.Build.0 = Release|Any CPU
		{3BEADA3D-BB8A-4944-A32D-53EE22ED50B9}.Ad-Hoc|x86.Deploy.0 = Release|Any CPU
		{3BEADA3D-BB8A-4944-A32D-53EE22ED50B9}.AppStore|Any CPU.ActiveCfg = Release|Any CPU
		{3BEADA3D-BB8A-4944-A32D-53EE22ED50B9}.AppStore|Any CPU.Build.0 = Release|Any CPU
		{3BEADA3D-BB8A-4944-A32D-53EE22ED50B9}.AppStore|Any CPU.Deploy.0 = Release|Any CPU
		{3BEADA3D-BB8A-4944-A32D-53EE22ED50B9}.AppStore|ARM.ActiveCfg = Release|Any CPU
		{3BEADA3D-BB8A-4944-A32D-53EE22ED50B9}.AppStore|ARM.Build.0 = Release|Any CPU
		{3BEADA3D-BB8A-4944-A32D-53EE22ED50B9}.AppStore|ARM.Deploy.0 = Release|Any CPU
		{3BEADA3D-BB8A-4944-A32D-53EE22ED50B9}.AppStore|iPhone.ActiveCfg = Release|Any CPU
		{3BEADA3D-BB8A-4944-A32D-53EE22ED50B9}.AppStore|iPhone.Build.0 = Release|Any CPU
		{3BEADA3D-BB8A-4944-A32D-53EE22ED50B9}.AppStore|iPhone.Deploy.0 = Release|Any CPU
		{3BEADA3D-BB8A-4944-A32D-53EE22ED50B9}.AppStore|iPhoneSimulator.ActiveCfg = Release|Any CPU
		{3BEADA3D-BB8A-4944-A32D-53EE22ED50B9}.AppStore|iPhoneSimulator.Build.0 = Release|Any CPU
		{3BEADA3D-BB8A-4944-A32D-53EE22ED50B9}.AppStore|iPhoneSimulator.Deploy.0 = Release|Any CPU
		{3BEADA3D-BB8A-4944-A32D-53EE22ED50B9}.AppStore|x64.ActiveCfg = Release|Any CPU
		{3BEADA3D-BB8A-4944-A32D-53EE22ED50B9}.AppStore|x64.Build.0 = Release|Any CPU
		{3BEADA3D-BB8A-4944-A32D-53EE22ED50B9}.AppStore|x64.Deploy.0 = Release|Any CPU
		{3BEADA3D-BB8A-4944-A32D-53EE22ED50B9}.AppStore|x86.ActiveCfg = Release|Any CPU
		{3BEADA3D-BB8A-4944-A32D-53EE22ED50B9}.AppStore|x86.Build.0 = Release|Any CPU
		{3BEADA3D-BB8A-4944-A32D-53EE22ED50B9}.AppStore|x86.Deploy.0 = Release|Any CPU
		{3BEADA3D-BB8A-4944-A32D-53EE22ED50B9}.Debug|Any CPU.ActiveCfg = Debug|Any CPU
		{3BEADA3D-BB8A-4944-A32D-53EE22ED50B9}.Debug|Any CPU.Build.0 = Debug|Any CPU
		{3BEADA3D-BB8A-4944-A32D-53EE22ED50B9}.Debug|Any CPU.Deploy.0 = Debug|Any CPU
		{3BEADA3D-BB8A-4944-A32D-53EE22ED50B9}.Debug|ARM.ActiveCfg = Debug|Any CPU
		{3BEADA3D-BB8A-4944-A32D-53EE22ED50B9}.Debug|ARM.Build.0 = Debug|Any CPU
		{3BEADA3D-BB8A-4944-A32D-53EE22ED50B9}.Debug|ARM.Deploy.0 = Debug|Any CPU
		{3BEADA3D-BB8A-4944-A32D-53EE22ED50B9}.Debug|iPhone.ActiveCfg = Debug|Any CPU
		{3BEADA3D-BB8A-4944-A32D-53EE22ED50B9}.Debug|iPhone.Build.0 = Debug|Any CPU
		{3BEADA3D-BB8A-4944-A32D-53EE22ED50B9}.Debug|iPhone.Deploy.0 = Debug|Any CPU
		{3BEADA3D-BB8A-4944-A32D-53EE22ED50B9}.Debug|iPhoneSimulator.ActiveCfg = Debug|Any CPU
		{3BEADA3D-BB8A-4944-A32D-53EE22ED50B9}.Debug|iPhoneSimulator.Build.0 = Debug|Any CPU
		{3BEADA3D-BB8A-4944-A32D-53EE22ED50B9}.Debug|iPhoneSimulator.Deploy.0 = Debug|Any CPU
		{3BEADA3D-BB8A-4944-A32D-53EE22ED50B9}.Debug|x64.ActiveCfg = Debug|Any CPU
		{3BEADA3D-BB8A-4944-A32D-53EE22ED50B9}.Debug|x64.Build.0 = Debug|Any CPU
		{3BEADA3D-BB8A-4944-A32D-53EE22ED50B9}.Debug|x64.Deploy.0 = Debug|Any CPU
		{3BEADA3D-BB8A-4944-A32D-53EE22ED50B9}.Debug|x86.ActiveCfg = Debug|Any CPU
		{3BEADA3D-BB8A-4944-A32D-53EE22ED50B9}.Debug|x86.Build.0 = Debug|Any CPU
		{3BEADA3D-BB8A-4944-A32D-53EE22ED50B9}.Debug|x86.Deploy.0 = Debug|Any CPU
		{3BEADA3D-BB8A-4944-A32D-53EE22ED50B9}.Release|Any CPU.ActiveCfg = Release|Any CPU
		{3BEADA3D-BB8A-4944-A32D-53EE22ED50B9}.Release|Any CPU.Build.0 = Release|Any CPU
		{3BEADA3D-BB8A-4944-A32D-53EE22ED50B9}.Release|Any CPU.Deploy.0 = Release|Any CPU
		{3BEADA3D-BB8A-4944-A32D-53EE22ED50B9}.Release|ARM.ActiveCfg = Release|Any CPU
		{3BEADA3D-BB8A-4944-A32D-53EE22ED50B9}.Release|ARM.Build.0 = Release|Any CPU
		{3BEADA3D-BB8A-4944-A32D-53EE22ED50B9}.Release|ARM.Deploy.0 = Release|Any CPU
		{3BEADA3D-BB8A-4944-A32D-53EE22ED50B9}.Release|iPhone.ActiveCfg = Release|Any CPU
		{3BEADA3D-BB8A-4944-A32D-53EE22ED50B9}.Release|iPhone.Build.0 = Release|Any CPU
		{3BEADA3D-BB8A-4944-A32D-53EE22ED50B9}.Release|iPhone.Deploy.0 = Release|Any CPU
		{3BEADA3D-BB8A-4944-A32D-53EE22ED50B9}.Release|iPhoneSimulator.ActiveCfg = Release|Any CPU
		{3BEADA3D-BB8A-4944-A32D-53EE22ED50B9}.Release|iPhoneSimulator.Build.0 = Release|Any CPU
		{3BEADA3D-BB8A-4944-A32D-53EE22ED50B9}.Release|iPhoneSimulator.Deploy.0 = Release|Any CPU
		{3BEADA3D-BB8A-4944-A32D-53EE22ED50B9}.Release|x64.ActiveCfg = Release|Any CPU
		{3BEADA3D-BB8A-4944-A32D-53EE22ED50B9}.Release|x64.Build.0 = Release|Any CPU
		{3BEADA3D-BB8A-4944-A32D-53EE22ED50B9}.Release|x64.Deploy.0 = Release|Any CPU
		{3BEADA3D-BB8A-4944-A32D-53EE22ED50B9}.Release|x86.ActiveCfg = Release|Any CPU
		{3BEADA3D-BB8A-4944-A32D-53EE22ED50B9}.Release|x86.Build.0 = Release|Any CPU
		{3BEADA3D-BB8A-4944-A32D-53EE22ED50B9}.Release|x86.Deploy.0 = Release|Any CPU
		{7413CF94-0A14-4DF9-AFBF-3E975D44FA9D}.Ad-Hoc|Any CPU.ActiveCfg = Release|Any CPU
		{7413CF94-0A14-4DF9-AFBF-3E975D44FA9D}.Ad-Hoc|Any CPU.Build.0 = Release|Any CPU
		{7413CF94-0A14-4DF9-AFBF-3E975D44FA9D}.Ad-Hoc|ARM.ActiveCfg = Release|Any CPU
		{7413CF94-0A14-4DF9-AFBF-3E975D44FA9D}.Ad-Hoc|ARM.Build.0 = Release|Any CPU
		{7413CF94-0A14-4DF9-AFBF-3E975D44FA9D}.Ad-Hoc|iPhone.ActiveCfg = Release|Any CPU
		{7413CF94-0A14-4DF9-AFBF-3E975D44FA9D}.Ad-Hoc|iPhone.Build.0 = Release|Any CPU
		{7413CF94-0A14-4DF9-AFBF-3E975D44FA9D}.Ad-Hoc|iPhoneSimulator.ActiveCfg = Release|Any CPU
		{7413CF94-0A14-4DF9-AFBF-3E975D44FA9D}.Ad-Hoc|iPhoneSimulator.Build.0 = Release|Any CPU
		{7413CF94-0A14-4DF9-AFBF-3E975D44FA9D}.Ad-Hoc|x64.ActiveCfg = Release|Any CPU
		{7413CF94-0A14-4DF9-AFBF-3E975D44FA9D}.Ad-Hoc|x64.Build.0 = Release|Any CPU
		{7413CF94-0A14-4DF9-AFBF-3E975D44FA9D}.Ad-Hoc|x86.ActiveCfg = Release|Any CPU
		{7413CF94-0A14-4DF9-AFBF-3E975D44FA9D}.Ad-Hoc|x86.Build.0 = Release|Any CPU
		{7413CF94-0A14-4DF9-AFBF-3E975D44FA9D}.AppStore|Any CPU.ActiveCfg = Release|Any CPU
		{7413CF94-0A14-4DF9-AFBF-3E975D44FA9D}.AppStore|Any CPU.Build.0 = Release|Any CPU
		{7413CF94-0A14-4DF9-AFBF-3E975D44FA9D}.AppStore|ARM.ActiveCfg = Release|Any CPU
		{7413CF94-0A14-4DF9-AFBF-3E975D44FA9D}.AppStore|ARM.Build.0 = Release|Any CPU
		{7413CF94-0A14-4DF9-AFBF-3E975D44FA9D}.AppStore|iPhone.ActiveCfg = Release|Any CPU
		{7413CF94-0A14-4DF9-AFBF-3E975D44FA9D}.AppStore|iPhone.Build.0 = Release|Any CPU
		{7413CF94-0A14-4DF9-AFBF-3E975D44FA9D}.AppStore|iPhoneSimulator.ActiveCfg = Release|Any CPU
		{7413CF94-0A14-4DF9-AFBF-3E975D44FA9D}.AppStore|iPhoneSimulator.Build.0 = Release|Any CPU
		{7413CF94-0A14-4DF9-AFBF-3E975D44FA9D}.AppStore|x64.ActiveCfg = Release|Any CPU
		{7413CF94-0A14-4DF9-AFBF-3E975D44FA9D}.AppStore|x64.Build.0 = Release|Any CPU
		{7413CF94-0A14-4DF9-AFBF-3E975D44FA9D}.AppStore|x86.ActiveCfg = Release|Any CPU
		{7413CF94-0A14-4DF9-AFBF-3E975D44FA9D}.AppStore|x86.Build.0 = Release|Any CPU
		{7413CF94-0A14-4DF9-AFBF-3E975D44FA9D}.Debug|Any CPU.ActiveCfg = Debug|Any CPU
		{7413CF94-0A14-4DF9-AFBF-3E975D44FA9D}.Debug|Any CPU.Build.0 = Debug|Any CPU
		{7413CF94-0A14-4DF9-AFBF-3E975D44FA9D}.Debug|ARM.ActiveCfg = Debug|Any CPU
		{7413CF94-0A14-4DF9-AFBF-3E975D44FA9D}.Debug|ARM.Build.0 = Debug|Any CPU
		{7413CF94-0A14-4DF9-AFBF-3E975D44FA9D}.Debug|iPhone.ActiveCfg = Debug|Any CPU
		{7413CF94-0A14-4DF9-AFBF-3E975D44FA9D}.Debug|iPhone.Build.0 = Debug|Any CPU
		{7413CF94-0A14-4DF9-AFBF-3E975D44FA9D}.Debug|iPhoneSimulator.ActiveCfg = Debug|Any CPU
		{7413CF94-0A14-4DF9-AFBF-3E975D44FA9D}.Debug|iPhoneSimulator.Build.0 = Debug|Any CPU
		{7413CF94-0A14-4DF9-AFBF-3E975D44FA9D}.Debug|x64.ActiveCfg = Debug|Any CPU
		{7413CF94-0A14-4DF9-AFBF-3E975D44FA9D}.Debug|x64.Build.0 = Debug|Any CPU
		{7413CF94-0A14-4DF9-AFBF-3E975D44FA9D}.Debug|x86.ActiveCfg = Debug|Any CPU
		{7413CF94-0A14-4DF9-AFBF-3E975D44FA9D}.Debug|x86.Build.0 = Debug|Any CPU
		{7413CF94-0A14-4DF9-AFBF-3E975D44FA9D}.Release|Any CPU.ActiveCfg = Release|Any CPU
		{7413CF94-0A14-4DF9-AFBF-3E975D44FA9D}.Release|Any CPU.Build.0 = Release|Any CPU
		{7413CF94-0A14-4DF9-AFBF-3E975D44FA9D}.Release|ARM.ActiveCfg = Release|Any CPU
		{7413CF94-0A14-4DF9-AFBF-3E975D44FA9D}.Release|ARM.Build.0 = Release|Any CPU
		{7413CF94-0A14-4DF9-AFBF-3E975D44FA9D}.Release|iPhone.ActiveCfg = Release|Any CPU
		{7413CF94-0A14-4DF9-AFBF-3E975D44FA9D}.Release|iPhone.Build.0 = Release|Any CPU
		{7413CF94-0A14-4DF9-AFBF-3E975D44FA9D}.Release|iPhoneSimulator.ActiveCfg = Release|Any CPU
		{7413CF94-0A14-4DF9-AFBF-3E975D44FA9D}.Release|iPhoneSimulator.Build.0 = Release|Any CPU
		{7413CF94-0A14-4DF9-AFBF-3E975D44FA9D}.Release|x64.ActiveCfg = Release|Any CPU
		{7413CF94-0A14-4DF9-AFBF-3E975D44FA9D}.Release|x64.Build.0 = Release|Any CPU
		{7413CF94-0A14-4DF9-AFBF-3E975D44FA9D}.Release|x86.ActiveCfg = Release|Any CPU
		{7413CF94-0A14-4DF9-AFBF-3E975D44FA9D}.Release|x86.Build.0 = Release|Any CPU
		{8ED1078D-9D00-4E6B-88F1-7EB1226C4BD4}.Ad-Hoc|Any CPU.ActiveCfg = Release|x86
		{8ED1078D-9D00-4E6B-88F1-7EB1226C4BD4}.Ad-Hoc|Any CPU.Build.0 = Release|x86
		{8ED1078D-9D00-4E6B-88F1-7EB1226C4BD4}.Ad-Hoc|Any CPU.Deploy.0 = Release|x86
		{8ED1078D-9D00-4E6B-88F1-7EB1226C4BD4}.Ad-Hoc|ARM.ActiveCfg = Release|ARM
		{8ED1078D-9D00-4E6B-88F1-7EB1226C4BD4}.Ad-Hoc|ARM.Build.0 = Release|ARM
		{8ED1078D-9D00-4E6B-88F1-7EB1226C4BD4}.Ad-Hoc|ARM.Deploy.0 = Release|ARM
		{8ED1078D-9D00-4E6B-88F1-7EB1226C4BD4}.Ad-Hoc|iPhone.ActiveCfg = Release|x86
		{8ED1078D-9D00-4E6B-88F1-7EB1226C4BD4}.Ad-Hoc|iPhone.Build.0 = Release|x86
		{8ED1078D-9D00-4E6B-88F1-7EB1226C4BD4}.Ad-Hoc|iPhone.Deploy.0 = Release|x86
		{8ED1078D-9D00-4E6B-88F1-7EB1226C4BD4}.Ad-Hoc|iPhoneSimulator.ActiveCfg = Release|x86
		{8ED1078D-9D00-4E6B-88F1-7EB1226C4BD4}.Ad-Hoc|iPhoneSimulator.Build.0 = Release|x86
		{8ED1078D-9D00-4E6B-88F1-7EB1226C4BD4}.Ad-Hoc|iPhoneSimulator.Deploy.0 = Release|x86
		{8ED1078D-9D00-4E6B-88F1-7EB1226C4BD4}.Ad-Hoc|x64.ActiveCfg = Release|x64
		{8ED1078D-9D00-4E6B-88F1-7EB1226C4BD4}.Ad-Hoc|x64.Build.0 = Release|x64
		{8ED1078D-9D00-4E6B-88F1-7EB1226C4BD4}.Ad-Hoc|x64.Deploy.0 = Release|x64
		{8ED1078D-9D00-4E6B-88F1-7EB1226C4BD4}.Ad-Hoc|x86.ActiveCfg = Release|x86
		{8ED1078D-9D00-4E6B-88F1-7EB1226C4BD4}.Ad-Hoc|x86.Build.0 = Release|x86
		{8ED1078D-9D00-4E6B-88F1-7EB1226C4BD4}.Ad-Hoc|x86.Deploy.0 = Release|x86
		{8ED1078D-9D00-4E6B-88F1-7EB1226C4BD4}.AppStore|Any CPU.ActiveCfg = Release|x86
		{8ED1078D-9D00-4E6B-88F1-7EB1226C4BD4}.AppStore|Any CPU.Build.0 = Release|x86
		{8ED1078D-9D00-4E6B-88F1-7EB1226C4BD4}.AppStore|Any CPU.Deploy.0 = Release|x86
		{8ED1078D-9D00-4E6B-88F1-7EB1226C4BD4}.AppStore|ARM.ActiveCfg = Release|ARM
		{8ED1078D-9D00-4E6B-88F1-7EB1226C4BD4}.AppStore|ARM.Build.0 = Release|ARM
		{8ED1078D-9D00-4E6B-88F1-7EB1226C4BD4}.AppStore|ARM.Deploy.0 = Release|ARM
		{8ED1078D-9D00-4E6B-88F1-7EB1226C4BD4}.AppStore|iPhone.ActiveCfg = Release|x86
		{8ED1078D-9D00-4E6B-88F1-7EB1226C4BD4}.AppStore|iPhone.Build.0 = Release|x86
		{8ED1078D-9D00-4E6B-88F1-7EB1226C4BD4}.AppStore|iPhone.Deploy.0 = Release|x86
		{8ED1078D-9D00-4E6B-88F1-7EB1226C4BD4}.AppStore|iPhoneSimulator.ActiveCfg = Release|x86
		{8ED1078D-9D00-4E6B-88F1-7EB1226C4BD4}.AppStore|iPhoneSimulator.Build.0 = Release|x86
		{8ED1078D-9D00-4E6B-88F1-7EB1226C4BD4}.AppStore|iPhoneSimulator.Deploy.0 = Release|x86
		{8ED1078D-9D00-4E6B-88F1-7EB1226C4BD4}.AppStore|x64.ActiveCfg = Release|x64
		{8ED1078D-9D00-4E6B-88F1-7EB1226C4BD4}.AppStore|x64.Build.0 = Release|x64
		{8ED1078D-9D00-4E6B-88F1-7EB1226C4BD4}.AppStore|x64.Deploy.0 = Release|x64
		{8ED1078D-9D00-4E6B-88F1-7EB1226C4BD4}.AppStore|x86.ActiveCfg = Release|x86
		{8ED1078D-9D00-4E6B-88F1-7EB1226C4BD4}.AppStore|x86.Build.0 = Release|x86
		{8ED1078D-9D00-4E6B-88F1-7EB1226C4BD4}.AppStore|x86.Deploy.0 = Release|x86
		{8ED1078D-9D00-4E6B-88F1-7EB1226C4BD4}.Debug|Any CPU.ActiveCfg = Debug|x86
		{8ED1078D-9D00-4E6B-88F1-7EB1226C4BD4}.Debug|ARM.ActiveCfg = Debug|ARM
		{8ED1078D-9D00-4E6B-88F1-7EB1226C4BD4}.Debug|ARM.Build.0 = Debug|ARM
		{8ED1078D-9D00-4E6B-88F1-7EB1226C4BD4}.Debug|ARM.Deploy.0 = Debug|ARM
		{8ED1078D-9D00-4E6B-88F1-7EB1226C4BD4}.Debug|iPhone.ActiveCfg = Debug|x86
		{8ED1078D-9D00-4E6B-88F1-7EB1226C4BD4}.Debug|iPhoneSimulator.ActiveCfg = Debug|x86
		{8ED1078D-9D00-4E6B-88F1-7EB1226C4BD4}.Debug|x64.ActiveCfg = Debug|x64
		{8ED1078D-9D00-4E6B-88F1-7EB1226C4BD4}.Debug|x64.Build.0 = Debug|x64
		{8ED1078D-9D00-4E6B-88F1-7EB1226C4BD4}.Debug|x64.Deploy.0 = Debug|x64
		{8ED1078D-9D00-4E6B-88F1-7EB1226C4BD4}.Debug|x86.ActiveCfg = Debug|x86
		{8ED1078D-9D00-4E6B-88F1-7EB1226C4BD4}.Debug|x86.Build.0 = Debug|x86
		{8ED1078D-9D00-4E6B-88F1-7EB1226C4BD4}.Debug|x86.Deploy.0 = Debug|x86
		{8ED1078D-9D00-4E6B-88F1-7EB1226C4BD4}.Release|Any CPU.ActiveCfg = Release|x86
		{8ED1078D-9D00-4E6B-88F1-7EB1226C4BD4}.Release|ARM.ActiveCfg = Release|ARM
		{8ED1078D-9D00-4E6B-88F1-7EB1226C4BD4}.Release|ARM.Build.0 = Release|ARM
		{8ED1078D-9D00-4E6B-88F1-7EB1226C4BD4}.Release|ARM.Deploy.0 = Release|ARM
		{8ED1078D-9D00-4E6B-88F1-7EB1226C4BD4}.Release|iPhone.ActiveCfg = Release|x86
		{8ED1078D-9D00-4E6B-88F1-7EB1226C4BD4}.Release|iPhoneSimulator.ActiveCfg = Release|x86
		{8ED1078D-9D00-4E6B-88F1-7EB1226C4BD4}.Release|x64.ActiveCfg = Release|x64
		{8ED1078D-9D00-4E6B-88F1-7EB1226C4BD4}.Release|x64.Build.0 = Release|x64
		{8ED1078D-9D00-4E6B-88F1-7EB1226C4BD4}.Release|x64.Deploy.0 = Release|x64
		{8ED1078D-9D00-4E6B-88F1-7EB1226C4BD4}.Release|x86.ActiveCfg = Release|x86
		{8ED1078D-9D00-4E6B-88F1-7EB1226C4BD4}.Release|x86.Build.0 = Release|x86
		{8ED1078D-9D00-4E6B-88F1-7EB1226C4BD4}.Release|x86.Deploy.0 = Release|x86
		{1F2F471A-AAEA-4BED-89EC-AAEF84BDFE45}.Ad-Hoc|Any CPU.ActiveCfg = Ad-Hoc|iPhone
		{1F2F471A-AAEA-4BED-89EC-AAEF84BDFE45}.Ad-Hoc|ARM.ActiveCfg = Ad-Hoc|iPhone
		{1F2F471A-AAEA-4BED-89EC-AAEF84BDFE45}.Ad-Hoc|iPhone.ActiveCfg = Ad-Hoc|iPhone
		{1F2F471A-AAEA-4BED-89EC-AAEF84BDFE45}.Ad-Hoc|iPhone.Build.0 = Ad-Hoc|iPhone
		{1F2F471A-AAEA-4BED-89EC-AAEF84BDFE45}.Ad-Hoc|iPhoneSimulator.ActiveCfg = Ad-Hoc|iPhoneSimulator
		{1F2F471A-AAEA-4BED-89EC-AAEF84BDFE45}.Ad-Hoc|iPhoneSimulator.Build.0 = Ad-Hoc|iPhoneSimulator
		{1F2F471A-AAEA-4BED-89EC-AAEF84BDFE45}.Ad-Hoc|x64.ActiveCfg = Ad-Hoc|iPhone
		{1F2F471A-AAEA-4BED-89EC-AAEF84BDFE45}.Ad-Hoc|x86.ActiveCfg = Ad-Hoc|iPhone
		{1F2F471A-AAEA-4BED-89EC-AAEF84BDFE45}.AppStore|Any CPU.ActiveCfg = AppStore|iPhone
		{1F2F471A-AAEA-4BED-89EC-AAEF84BDFE45}.AppStore|ARM.ActiveCfg = AppStore|iPhone
		{1F2F471A-AAEA-4BED-89EC-AAEF84BDFE45}.AppStore|iPhone.ActiveCfg = AppStore|iPhone
		{1F2F471A-AAEA-4BED-89EC-AAEF84BDFE45}.AppStore|iPhone.Build.0 = AppStore|iPhone
		{1F2F471A-AAEA-4BED-89EC-AAEF84BDFE45}.AppStore|iPhoneSimulator.ActiveCfg = AppStore|iPhoneSimulator
		{1F2F471A-AAEA-4BED-89EC-AAEF84BDFE45}.AppStore|iPhoneSimulator.Build.0 = AppStore|iPhoneSimulator
		{1F2F471A-AAEA-4BED-89EC-AAEF84BDFE45}.AppStore|x64.ActiveCfg = AppStore|iPhone
		{1F2F471A-AAEA-4BED-89EC-AAEF84BDFE45}.AppStore|x86.ActiveCfg = AppStore|iPhone
		{1F2F471A-AAEA-4BED-89EC-AAEF84BDFE45}.Debug|Any CPU.ActiveCfg = Debug|iPhone
		{1F2F471A-AAEA-4BED-89EC-AAEF84BDFE45}.Debug|ARM.ActiveCfg = Debug|iPhone
		{1F2F471A-AAEA-4BED-89EC-AAEF84BDFE45}.Debug|iPhone.ActiveCfg = Debug|iPhone
		{1F2F471A-AAEA-4BED-89EC-AAEF84BDFE45}.Debug|iPhone.Build.0 = Debug|iPhone
		{1F2F471A-AAEA-4BED-89EC-AAEF84BDFE45}.Debug|iPhoneSimulator.ActiveCfg = Debug|iPhoneSimulator
		{1F2F471A-AAEA-4BED-89EC-AAEF84BDFE45}.Debug|iPhoneSimulator.Build.0 = Debug|iPhoneSimulator
		{1F2F471A-AAEA-4BED-89EC-AAEF84BDFE45}.Debug|x64.ActiveCfg = Debug|iPhone
		{1F2F471A-AAEA-4BED-89EC-AAEF84BDFE45}.Debug|x86.ActiveCfg = Debug|iPhone
		{1F2F471A-AAEA-4BED-89EC-AAEF84BDFE45}.Release|Any CPU.ActiveCfg = Release|iPhone
		{1F2F471A-AAEA-4BED-89EC-AAEF84BDFE45}.Release|ARM.ActiveCfg = Release|iPhone
		{1F2F471A-AAEA-4BED-89EC-AAEF84BDFE45}.Release|iPhone.ActiveCfg = Release|iPhone
		{1F2F471A-AAEA-4BED-89EC-AAEF84BDFE45}.Release|iPhone.Build.0 = Release|iPhone
		{1F2F471A-AAEA-4BED-89EC-AAEF84BDFE45}.Release|iPhoneSimulator.ActiveCfg = Release|iPhoneSimulator
		{1F2F471A-AAEA-4BED-89EC-AAEF84BDFE45}.Release|iPhoneSimulator.Build.0 = Release|iPhoneSimulator
		{1F2F471A-AAEA-4BED-89EC-AAEF84BDFE45}.Release|x64.ActiveCfg = Release|iPhone
		{1F2F471A-AAEA-4BED-89EC-AAEF84BDFE45}.Release|x86.ActiveCfg = Release|iPhone
	EndGlobalSection
	GlobalSection(SolutionProperties) = preSolution
		HideSolutionNode = FALSE
	EndGlobalSection
	GlobalSection(ExtensibilityGlobals) = postSolution
		SolutionGuid = {358DF28E-A7F9-4239-8D3C-713A45CCF43B}
	EndGlobalSection
EndGlobal
